# THIS IS AN AUTOGENERATED FILE. DO NOT EDIT THIS FILE DIRECTLY.
# yarn lockfile v1


components@^0.1.0:
  version "0.1.0"
  resolved "https://registry.yarnpkg.com/components/-/components-0.1.0.tgz#2057c08e9c7bf2662feec95c49e5ff2a9ab85ed5"
  integrity sha1-IFfAjpx78mYv7slcSeX/Kpq4XtU=

styled@^1.0.0:
  version "1.0.0"
  resolved "https://registry.yarnpkg.com/styled/-/styled-1.0.0.tgz#4b4ff3b5df061016870abfd7177ff6916eaedc60"
  integrity sha1-S0/ztd8GEBaHCr/XF3/2kW6u3GA=
